PODS:
  - Alamofire (4.7.2)
  - AlamofireImage (3.3.1):
    - Alamofire (~> 4.5)
  - AlamofireNetworkActivityIndicator (2.2.1):
    - Alamofire (~> 4.7)
  - Kingfisher (4.8.0)
  - ObjectMapper (3.1.0)
  - RxCocoa (4.1.2):
    - RxSwift (~> 4.0)
  - RxSwift (4.1.2)

DEPENDENCIES:
  - Alamofire
  - AlamofireImage (~> 3.3)
  - AlamofireNetworkActivityIndicator (~> 2.2)
  - Kingfisher (~> 4.0)
  - ObjectMapper
  - RxCocoa
  - RxSwift

SPEC REPOS:
  https://github.com/cocoapods/specs.git:
    - Alamofire
    - AlamofireImage
    - AlamofireNetworkActivityIndicator
    - Kingfisher
    - ObjectMapper
    - RxCocoa
    - RxSwift

SPEC CHECKSUMS:
  Alamofire: e4fa87002c137ba2d8d634d2c51fabcda0d5c223
  AlamofireImage: 3b35b586853abaf94ca1250f4e94cff3c21a4c0d
  AlamofireNetworkActivityIndicator: aeac50e6ecb78ec71a5f1f29098bcf4ec2962910
  Kingfisher: 976d828df2b24834c6a3f2fc4d82cdbd26552be1
  ObjectMapper: 20505058f54e5c3ca69e1d6de9897d152a5369a6
  RxCocoa: d88ba0f1f6abf040011a9eb4b539324fc426843a
  RxSwift: e49536837d9901277638493ea537394d4b55f570

PODFILE CHECKSUM: 704b30738422941df29761bcf411ba4d013d2f83

COCOAPODS: 1.5.3
