PODS:
  - Alamofire (4.7.2)
  - AlamofireImage (3.3.1):
    - Alamofire (~> 4.5)
  - AlamofireNetworkActivityIndicator (2.2.1):
    - Alamofire (~> 4.7)

DEPENDENCIES:
  - Alamofire
  - AlamofireImage (~> 3.3)
  - AlamofireNetworkActivityIndicator (~> 2.2)

SPEC CHECKSUMS:
  Alamofire: e4fa87002c137ba2d8d634d2c51fabcda0d5c223
  AlamofireImage: 3b35b586853abaf94ca1250f4e94cff3c21a4c0d
  AlamofireNetworkActivityIndicator: aeac50e6ecb78ec71a5f1f29098bcf4ec2962910

PODFILE CHECKSUM: 7a9be795da47f23dddb1ebd414fa667c48bb96a5

COCOAPODS: 1.4.0
